
Microsoft Visual Studio Solution File, Format Version 12.00
# Visual Studio Version 16
VisualStudioVersion = 16.0.31911.196
MinimumVisualStudioVersion = 10.0.40219.1
Project("{FAE04EC0-301F-11D3-BF4B-00C04F79EFBC}") = "Travbanen", "Travbanen\Travbanen.csproj", "{753ED082-9684-4EC0-AFFB-CDE0C3A4565F}"
EndProject
Global
	GlobalSection(SolutionConfigurationPlatforms) = preSolution
		Debug|Any CPU = Debug|Any CPU
		Release|Any CPU = Release|Any CPU
	EndGlobalSection
	GlobalSection(ProjectConfigurationPlatforms) = postSolution
		{753ED082-9684-4EC0-AFFB-CDE0C3A4565F}.Debug|Any CPU.ActiveCfg = Debug|Any CPU
		{753ED082-9684-4EC0-AFFB-CDE0C3A4565F}.Debug|Any CPU.Build.0 = Debug|Any CPU
		{753ED082-9684-4EC0-AFFB-CDE0C3A4565F}.Release|Any CPU.ActiveCfg = Release|Any CPU
		{753ED082-9684-4EC0-AFFB-CDE0C3A4565F}.Release|Any CPU.Build.0 = Release|Any CPU
	EndGlobalSection
	GlobalSection(SolutionProperties) = preSolution
		HideSolutionNode = FALSE
	EndGlobalSection
	GlobalSection(ExtensibilityGlobals) = postSolution
		SolutionGuid = {1A2221A8-D818-4D1C-863E-B7B646513865}
	EndGlobalSection
EndGlobal
